
Microsoft Visual Studio Solution File, Format Version 12.00
# Visual Studio Version 17
VisualStudioVersion = 17.1.32421.90
MinimumVisualStudioVersion = 10.0.40219.1
Project("{FAE04EC0-301F-11D3-BF4B-00C04F79EFBC}") = "Test3", "Test3\Test3.csproj", "{35F0827E-1135-4A77-8838-C37BF60D7BD1}"
EndProject
Global
	GlobalSection(SolutionConfigurationPlatforms) = preSolution
		Debug|Any CPU = Debug|Any CPU
		Release|Any CPU = Release|Any CPU
	EndGlobalSection
	GlobalSection(ProjectConfigurationPlatforms) = postSolution
		{35F0827E-1135-4A77-8838-C37BF60D7BD1}.Debug|Any CPU.ActiveCfg = Debug|Any CPU
		{35F0827E-1135-4A77-8838-C37BF60D7BD1}.Debug|Any CPU.Build.0 = Debug|Any CPU
		{35F0827E-1135-4A77-8838-C37BF60D7BD1}.Release|Any CPU.ActiveCfg = Release|Any CPU
		{35F0827E-1135-4A77-8838-C37BF60D7BD1}.Release|Any CPU.Build.0 = Release|Any CPU
	EndGlobalSection
	GlobalSection(SolutionProperties) = preSolution
		HideSolutionNode = FALSE
	EndGlobalSection
	GlobalSection(ExtensibilityGlobals) = postSolution
		SolutionGuid = {E2D88B41-D98C-424E-B680-A6EED72A1FC6}
	EndGlobalSection
EndGlobal
